// !$*UTF8*$!
{
	archiveVersion = 1;
	classes = {
	};
	objectVersion = 55;
	objects = {

/* Begin PBXBuildFile section */
		8545A79F2843B5D60019DF9E /* GodMeme.swift in Sources */ = {isa = PBXBuildFile; fileRef = 8545A79E2843B5D60019DF9E /* GodMeme.swift */; };
		85CA59062842F12D00AC44A3 /* AppDelegate.swift in Sources */ = {isa = PBXBuildFile; fileRef = 85CA59052842F12D00AC44A3 /* AppDelegate.swift */; };
		85CA59082842F12D00AC44A3 /* SceneDelegate.swift in Sources */ = {isa = PBXBuildFile; fileRef = 85CA59072842F12D00AC44A3 /* SceneDelegate.swift */; };
		85CA590A2842F12D00AC44A3 /* ViewController.swift in Sources */ = {isa = PBXBuildFile; fileRef = 85CA59092842F12D00AC44A3 /* ViewController.swift */; };
		85CA590D2842F12D00AC44A3 /* Main.storyboard in Resources */ = {isa = PBXBuildFile; fileRef = 85CA590B2842F12D00AC44A3 /* Main.storyboard */; };
		85CA590F2842F12F00AC44A3 /* Assets.xcassets in Resources */ = {isa = PBXBuildFile; fileRef = 85CA590E2842F12F00AC44A3 /* Assets.xcassets */; };
		85CA59122842F12F00AC44A3 /* LaunchScreen.storyboard in Resources */ = {isa = PBXBuildFile; fileRef = 85CA59102842F12F00AC44A3 /* LaunchScreen.storyboard */; };
		85CA591D2842F12F00AC44A3 /* iFiggleTests.swift in Sources */ = {isa = PBXBuildFile; fileRef = 85CA591C2842F12F00AC44A3 /* iFiggleTests.swift */; };
		85CA59272842F12F00AC44A3 /* iFiggleUITests.swift in Sources */ = {isa = PBXBuildFile; fileRef = 85CA59262842F12F00AC44A3 /* iFiggleUITests.swift */; };
		85CA59292842F12F00AC44A3 /* iFiggleUITestsLaunchTests.swift in Sources */ = {isa = PBXBuildFile; fileRef = 85CA59282842F12F00AC44A3 /* iFiggleUITestsLaunchTests.swift */; };
/* End PBXBuildFile section */

/* Begin PBXContainerItemProxy section */
		85CA59192842F12F00AC44A3 /* PBXContainerItemProxy */ = {
			isa = PBXContainerItemProxy;
			containerPortal = 85CA58FA2842F12D00AC44A3 /* Project object */;
			proxyType = 1;
			remoteGlobalIDString = 85CA59012842F12D00AC44A3;
			remoteInfo = iFiggle;
		};
		85CA59232842F12F00AC44A3 /* PBXContainerItemProxy */ = {
			isa = PBXContainerItemProxy;
			containerPortal = 85CA58FA2842F12D00AC44A3 /* Project object */;
			proxyType = 1;
			remoteGlobalIDString = 85CA59012842F12D00AC44A3;
			remoteInfo = iFiggle;
		};
/* End PBXContainerItemProxy section */

/* Begin PBXFileReference section */
		8545A79E2843B5D60019DF9E /* GodMeme.swift */ = {isa = PBXFileReference; lastKnownFileType = sourcecode.swift; path = GodMeme.swift; sourceTree = "<group>"; };
		85CA59022842F12D00AC44A3 /* iFiggle.app */ = {isa = PBXFileReference; explicitFileType = wrapper.application; includeInIndex = 0; path = iFiggle.app; sourceTree = BUILT_PRODUCTS_DIR; };
		85CA59052842F12D00AC44A3 /* AppDelegate.swift */ = {isa = PBXFileReference; lastKnownFileType = sourcecode.swift; path = AppDelegate.swift; sourceTree = "<group>"; };
		85CA59072842F12D00AC44A3 /* SceneDelegate.swift */ = {isa = PBXFileReference; lastKnownFileType = sourcecode.swift; path = SceneDelegate.swift; sourceTree = "<group>"; };
		85CA59092842F12D00AC44A3 /* ViewController.swift */ = {isa = PBXFileReference; lastKnownFileType = sourcecode.swift; path = ViewController.swift; sourceTree = "<group>"; };
		85CA590C2842F12D00AC44A3 /* Base */ = {isa = PBXFileReference; lastKnownFileType = file.storyboard; name = Base; path = Base.lproj/Main.storyboard; sourceTree = "<group>"; };
		85CA590E2842F12F00AC44A3 /* Assets.xcassets */ = {isa = PBXFileReference; lastKnownFileType = folder.assetcatalog; path = Assets.xcassets; sourceTree = "<group>"; };
		85CA59112842F12F00AC44A3 /* Base */ = {isa = PBXFileReference; lastKnownFileType = file.storyboard; name = Base; path = Base.lproj/LaunchScreen.storyboard; sourceTree = "<group>"; };
		85CA59132842F12F00AC44A3 /* Info.plist */ = {isa = PBXFileReference; lastKnownFileType = text.plist.xml; path = Info.plist; sourceTree = "<group>"; };
		85CA59182842F12F00AC44A3 /* iFiggleTests.xctest */ = {isa = PBXFileReference; explicitFileType = wrapper.cfbundle; includeInIndex = 0; path = iFiggleTests.xctest; sourceTree = BUILT_PRODUCTS_DIR; };
		85CA591C2842F12F00AC44A3 /* iFiggleTests.swift */ = {isa = PBXFileReference; lastKnownFileType = sourcecode.swift; path = iFiggleTests.swift; sourceTree = "<group>"; };
		85CA59222842F12F00AC44A3 /* iFiggleUITests.xctest */ = {isa = PBXFileReference; explicitFileType = wrapper.cfbundle; includeInIndex = 0; path = iFiggleUITests.xctest; sourceTree = BUILT_PRODUCTS_DIR; };
		85CA59262842F12F00AC44A3 /* iFiggleUITests.swift */ = {isa = PBXFileReference; lastKnownFileType = sourcecode.swift; path = iFiggleUITests.swift; sourceTree = "<group>"; };
		85CA59282842F12F00AC44A3 /* iFiggleUITestsLaunchTests.swift */ = {isa = PBXFileReference; lastKnownFileType = sourcecode.swift; path = iFiggleUITestsLaunchTests.swift; sourceTree = "<group>"; };
/* End PBXFileReference section */

/* Begin PBXFrameworksBuildPhase section */
		85CA58FF2842F12D00AC44A3 /* Frameworks */ = {
			isa = PBXFrameworksBuildPhase;
			buildActionMask = 2147483647;
			files = (
			);
			runOnlyForDeploymentPostprocessing = 0;
		};
		85CA59152842F12F00AC44A3 /* Frameworks */ = {
			isa = PBXFrameworksBuildPhase;
			buildActionMask = 2147483647;
			files = (
			);
			runOnlyForDeploymentPostprocessing = 0;
		};
		85CA591F2842F12F00AC44A3 /* Frameworks */ = {
			isa = PBXFrameworksBuildPhase;
			buildActionMask = 2147483647;
			files = (
			);
			runOnlyForDeploymentPostprocessing = 0;
		};
/* End PBXFrameworksBuildPhase section */

/* Begin PBXGroup section */
		85CA58F92842F12D00AC44A3 = {
			isa = PBXGroup;
			children = (
				85CA59042842F12D00AC44A3 /* iFiggle */,
				85CA591B2842F12F00AC44A3 /* iFiggleTests */,
				85CA59252842F12F00AC44A3 /* iFiggleUITests */,
				85CA59032842F12D00AC44A3 /* Products */,
			);
			sourceTree = "<group>";
		};
		85CA59032842F12D00AC44A3 /* Products */ = {
			isa = PBXGroup;
			children = (
				85CA59022842F12D00AC44A3 /* iFiggle.app */,
				85CA59182842F12F00AC44A3 /* iFiggleTests.xctest */,
				85CA59222842F12F00AC44A3 /* iFiggleUITests.xctest */,
			);
			name = Products;
			sourceTree = "<group>";
		};
		85CA59042842F12D00AC44A3 /* iFiggle */ = {
			isa = PBXGroup;
			children = (
				85CA59052842F12D00AC44A3 /* AppDelegate.swift */,
				85CA59072842F12D00AC44A3 /* SceneDelegate.swift */,
				85CA59092842F12D00AC44A3 /* ViewController.swift */,
				85CA590B2842F12D00AC44A3 /* Main.storyboard */,
				8545A79E2843B5D60019DF9E /* GodMeme.swift */,
				85CA590E2842F12F00AC44A3 /* Assets.xcassets */,
				85CA59102842F12F00AC44A3 /* LaunchScreen.storyboard */,
				85CA59132842F12F00AC44A3 /* Info.plist */,
			);
			path = iFiggle;
			sourceTree = "<group>";
		};
		85CA591B2842F12F00AC44A3 /* iFiggleTests */ = {
			isa = PBXGroup;
			children = (
				85CA591C2842F12F00AC44A3 /* iFiggleTests.swift */,
			);
			path = iFiggleTests;
			sourceTree = "<group>";
		};
		85CA59252842F12F00AC44A3 /* iFiggleUITests */ = {
			isa = PBXGroup;
			children = (
				85CA59262842F12F00AC44A3 /* iFiggleUITests.swift */,
				85CA59282842F12F00AC44A3 /* iFiggleUITestsLaunchTests.swift */,
			);
			path = iFiggleUITests;
			sourceTree = "<group>";
		};
/* End PBXGroup section */

/* Begin PBXNativeTarget section */
		85CA59012842F12D00AC44A3 /* iFiggle */ = {
			isa = PBXNativeTarget;
			buildConfigurationList = 85CA592C2842F12F00AC44A3 /* Build configuration list for PBXNativeTarget "iFiggle" */;
			buildPhases = (
				85CA58FE2842F12D00AC44A3 /* Sources */,
				85CA58FF2842F12D00AC44A3 /* Frameworks */,
				85CA59002842F12D00AC44A3 /* Resources */,
			);
			buildRules = (
			);
			dependencies = (
			);
			name = iFiggle;
			productName = iFiggle;
			productReference = 85CA59022842F12D00AC44A3 /* iFiggle.app */;
			productType = "com.apple.product-type.application";
		};
		85CA59172842F12F00AC44A3 /* iFiggleTests */ = {
			isa = PBXNativeTarget;
			buildConfigurationList = 85CA592F2842F12F00AC44A3 /* Build configuration list for PBXNativeTarget "iFiggleTests" */;
			buildPhases = (
				85CA59142842F12F00AC44A3 /* Sources */,
				85CA59152842F12F00AC44A3 /* Frameworks */,
				85CA59162842F12F00AC44A3 /* Resources */,
			);
			buildRules = (
			);
			dependencies = (
				85CA591A2842F12F00AC44A3 /* PBXTargetDependency */,
			);
			name = iFiggleTests;
			productName = iFiggleTests;
			productReference = 85CA59182842F12F00AC44A3 /* iFiggleTests.xctest */;
			productType = "com.apple.product-type.bundle.unit-test";
		};
		85CA59212842F12F00AC44A3 /* iFiggleUITests */ = {
			isa = PBXNativeTarget;
			buildConfigurationList = 85CA59322842F12F00AC44A3 /* Build configuration list for PBXNativeTarget "iFiggleUITests" */;
			buildPhases = (
				85CA591E2842F12F00AC44A3 /* Sources */,
				85CA591F2842F12F00AC44A3 /* Frameworks */,
				85CA59202842F12F00AC44A3 /* Resources */,
			);
			buildRules = (
			);
			dependencies = (
				85CA59242842F12F00AC44A3 /* PBXTargetDependency */,
			);
			name = iFiggleUITests;
			productName = iFiggleUITests;
			productReference = 85CA59222842F12F00AC44A3 /* iFiggleUITests.xctest */;
			productType = "com.apple.product-type.bundle.ui-testing";
		};
/* End PBXNativeTarget section */

/* Begin PBXProject section */
		85CA58FA2842F12D00AC44A3 /* Project object */ = {
			isa = PBXProject;
			attributes = {
				BuildIndependentTargetsInParallel = 1;
				LastSwiftUpdateCheck = 1340;
				LastUpgradeCheck = 1340;
				TargetAttributes = {
					85CA59012842F12D00AC44A3 = {
						CreatedOnToolsVersion = 13.4;
					};
					85CA59172842F12F00AC44A3 = {
						CreatedOnToolsVersion = 13.4;
						TestTargetID = 85CA59012842F12D00AC44A3;
					};
					85CA59212842F12F00AC44A3 = {
						CreatedOnToolsVersion = 13.4;
						TestTargetID = 85CA59012842F12D00AC44A3;
					};
				};
			};
			buildConfigurationList = 85CA58FD2842F12D00AC44A3 /* Build configuration list for PBXProject "iFiggle" */;
			compatibilityVersion = "Xcode 13.0";
			developmentRegion = en;
			hasScannedForEncodings = 0;
			knownRegions = (
				en,
				Base,
			);
			mainGroup = 85CA58F92842F12D00AC44A3;
			productRefGroup = 85CA59032842F12D00AC44A3 /* Products */;
			projectDirPath = "";
			projectRoot = "";
			targets = (
				85CA59012842F12D00AC44A3 /* iFiggle */,
				85CA59172842F12F00AC44A3 /* iFiggleTests */,
				85CA59212842F12F00AC44A3 /* iFiggleUITests */,
			);
		};
/* End PBXProject section */

/* Begin PBXResourcesBuildPhase section */
		85CA59002842F12D00AC44A3 /* Resources */ = {
			isa = PBXResourcesBuildPhase;
			buildActionMask = 2147483647;
			files = (
				85CA59122842F12F00AC44A3 /* LaunchScreen.storyboard in Resources */,
				85CA590F2842F12F00AC44A3 /* Assets.xcassets in Resources */,
				85CA590D2842F12D00AC44A3 /* Main.storyboard in Resources */,
			);
			runOnlyForDeploymentPostprocessing = 0;
		};
		85CA59162842F12F00AC44A3 /* Resources */ = {
			isa = PBXResourcesBuildPhase;
			buildActionMask = 2147483647;
			files = (
			);
			runOnlyForDeploymentPostprocessing = 0;
		};
		85CA59202842F12F00AC44A3 /* Resources */ = {
			isa = PBXResourcesBuildPhase;
			buildActionMask = 2147483647;
			files = (
			);
			runOnlyForDeploymentPostprocessing = 0;
		};
/* End PBXResourcesBuildPhase section */

/* Begin PBXSourcesBuildPhase section */
		85CA58FE2842F12D00AC44A3 /* Sources */ = {
			isa = PBXSourcesBuildPhase;
			buildActionMask = 2147483647;
			files = (
				85CA590A2842F12D00AC44A3 /* ViewController.swift in Sources */,
				85CA59062842F12D00AC44A3 /* AppDelegate.swift in Sources */,
				8545A79F2843B5D60019DF9E /* GodMeme.swift in Sources */,
				85CA59082842F12D00AC44A3 /* SceneDelegate.swift in Sources */,
			);
			runOnlyForDeploymentPostprocessing = 0;
		};
		85CA59142842F12F00AC44A3 /* Sources */ = {
			isa = PBXSourcesBuildPhase;
			buildActionMask = 2147483647;
			files = (
				85CA591D2842F12F00AC44A3 /* iFiggleTests.swift in Sources */,
			);
			runOnlyForDeploymentPostprocessing = 0;
		};
		85CA591E2842F12F00AC44A3 /* Sources */ = {
			isa = PBXSourcesBuildPhase;
			buildActionMask = 2147483647;
			files = (
				85CA59292842F12F00AC44A3 /* iFiggleUITestsLaunchTests.swift in Sources */,
				85CA59272842F12F00AC44A3 /* iFiggleUITests.swift in Sources */,
			);
			runOnlyForDeploymentPostprocessing = 0;
		};
/* End PBXSourcesBuildPhase section */

/* Begin PBXTargetDependency section */
		85CA591A2842F12F00AC44A3 /* PBXTargetDependency */ = {
			isa = PBXTargetDependency;
			target = 85CA59012842F12D00AC44A3 /* iFiggle */;
			targetProxy = 85CA59192842F12F00AC44A3 /* PBXContainerItemProxy */;
		};
		85CA59242842F12F00AC44A3 /* PBXTargetDependency */ = {
			isa = PBXTargetDependency;
			target = 85CA59012842F12D00AC44A3 /* iFiggle */;
			targetProxy = 85CA59232842F12F00AC44A3 /* PBXContainerItemProxy */;
		};
/* End PBXTargetDependency section */

/* Begin PBXVariantGroup section */
		85CA590B2842F12D00AC44A3 /* Main.storyboard */ = {
			isa = PBXVariantGroup;
			children = (
				85CA590C2842F12D00AC44A3 /* Base */,
			);
			name = Main.storyboard;
			sourceTree = "<group>";
		};
		85CA59102842F12F00AC44A3 /* LaunchScreen.storyboard */ = {
			isa = PBXVariantGroup;
			children = (
				85CA59112842F12F00AC44A3 /* Base */,
			);
			name = LaunchScreen.storyboard;
			sourceTree = "<group>";
		};
/* End PBXVariantGroup section */

/* Begin XCBuildConfiguration section */
		85CA592A2842F12F00AC44A3 /* Debug */ = {
			isa = XCBuildConfiguration;
			buildSettings = {
				ALWAYS_SEARCH_USER_PATHS = NO;
				CLANG_ANALYZER_NONNULL = YES;
				CLANG_ANALYZER_NUMBER_OBJECT_CONVERSION = YES_AGGRESSIVE;
				CLANG_CXX_LANGUAGE_STANDARD = "gnu++17";
				CLANG_ENABLE_MODULES = YES;
				CLANG_ENABLE_OBJC_ARC = YES;
				CLANG_ENABLE_OBJC_WEAK = YES;
				CLANG_WARN_BLOCK_CAPTURE_AUTORELEASING = YES;
				CLANG_WARN_BOOL_CONVERSION = YES;
				CLANG_WARN_COMMA = YES;
				CLANG_WARN_CONSTANT_CONVERSION = YES;
				CLANG_WARN_DEPRECATED_OBJC_IMPLEMENTATIONS = YES;
				CLANG_WARN_DIRECT_OBJC_ISA_USAGE = YES_ERROR;
				CLANG_WARN_DOCUMENTATION_COMMENTS = YES;
				CLANG_WARN_EMPTY_BODY = YES;
				CLANG_WARN_ENUM_CONVERSION = YES;
				CLANG_WARN_INFINITE_RECURSION = YES;
				CLANG_WARN_INT_CONVERSION = YES;
				CLANG_WARN_NON_LITERAL_NULL_CONVERSION = YES;
				CLANG_WARN_OBJC_IMPLICIT_RETAIN_SELF = YES;
				CLANG_WARN_OBJC_LITERAL_CONVERSION = YES;
				CLANG_WARN_OBJC_ROOT_CLASS = YES_ERROR;
				CLANG_WARN_QUOTED_INCLUDE_IN_FRAMEWORK_HEADER = YES;
				CLANG_WARN_RANGE_LOOP_ANALYSIS = YES;
				CLANG_WARN_STRICT_PROTOTYPES = YES;
				CLANG_WARN_SUSPICIOUS_MOVE = YES;
				CLANG_WARN_UNGUARDED_AVAILABILITY = YES_AGGRESSIVE;
				CLANG_WARN_UNREACHABLE_CODE = YES;
				CLANG_WARN__DUPLICATE_METHOD_MATCH = YES;
				COPY_PHASE_STRIP = NO;
				DEBUG_INFORMATION_FORMAT = dwarf;
				ENABLE_STRICT_OBJC_MSGSEND = YES;
				ENABLE_TESTABILITY = YES;
				GCC_C_LANGUAGE_STANDARD = gnu11;
				GCC_DYNAMIC_NO_PIC = NO;
				GCC_NO_COMMON_BLOCKS = YES;
				GCC_OPTIMIZATION_LEVEL = 0;
				GCC_PREPROCESSOR_DEFINITIONS = (
					"DEBUG=1",
					"$(inherited)",
				);
				GCC_WARN_64_TO_32_BIT_CONVERSION = YES;
				GCC_WARN_ABOUT_RETURN_TYPE = YES_ERROR;
				GCC_WARN_UNDECLARED_SELECTOR = YES;
				GCC_WARN_UNINITIALIZED_AUTOS = YES_AGGRESSIVE;
				GCC_WARN_UNUSED_FUNCTION = YES;
				GCC_WARN_UNUSED_VARIABLE = YES;
				IPHONEOS_DEPLOYMENT_TARGET = 15.5;
				MTL_ENABLE_DEBUG_INFO = INCLUDE_SOURCE;
				MTL_FAST_MATH = YES;
				ONLY_ACTIVE_ARCH = YES;
				SDKROOT = iphoneos;
				SWIFT_ACTIVE_COMPILATION_CONDITIONS = DEBUG;
				SWIFT_OPTIMIZATION_LEVEL = "-Onone";
			};
			name = Debug;
		};
		85CA592B2842F12F00AC44A3 /* Release */ = {
			isa = XCBuildConfiguration;
			buildSettings = {
				ALWAYS_SEARCH_USER_PATHS = NO;
				CLANG_ANALYZER_NONNULL = YES;
				CLANG_ANALYZER_NUMBER_OBJECT_CONVERSION = YES_AGGRESSIVE;
				CLANG_CXX_LANGUAGE_STANDARD = "gnu++17";
				CLANG_ENABLE_MODULES = YES;
				CLANG_ENABLE_OBJC_ARC = YES;
				CLANG_ENABLE_OBJC_WEAK = YES;
				CLANG_WARN_BLOCK_CAPTURE_AUTORELEASING = YES;
				CLANG_WARN_BOOL_CONVERSION = YES;
				CLANG_WARN_COMMA = YES;
				CLANG_WARN_CONSTANT_CONVERSION = YES;
				CLANG_WARN_DEPRECATED_OBJC_IMPLEMENTATIONS = YES;
				CLANG_WARN_DIRECT_OBJC_ISA_USAGE = YES_ERROR;
				CLANG_WARN_DOCUMENTATION_COMMENTS = YES;
				CLANG_WARN_EMPTY_BODY = YES;
				CLANG_WARN_ENUM_CONVERSION = YES;
				CLANG_WARN_INFINITE_RECURSION = YES;
				CLANG_WARN_INT_CONVERSION = YES;
				CLANG_WARN_NON_LITERAL_NULL_CONVERSION = YES;
				CLANG_WARN_OBJC_IMPLICIT_RETAIN_SELF = YES;
				CLANG_WARN_OBJC_LITERAL_CONVERSION = YES;
				CLANG_WARN_OBJC_ROOT_CLASS = YES_ERROR;
				CLANG_WARN_QUOTED_INCLUDE_IN_FRAMEWORK_HEADER = YES;
				CLANG_WARN_RANGE_LOOP_ANALYSIS = YES;
				CLANG_WARN_STRICT_PROTOTYPES = YES;
				CLANG_WARN_SUSPICIOUS_MOVE = YES;
				CLANG_WARN_UNGUARDED_AVAILABILITY = YES_AGGRESSIVE;
				CLANG_WARN_UNREACHABLE_CODE = YES;
				CLANG_WARN__DUPLICATE_METHOD_MATCH = YES;
				COPY_PHASE_STRIP = NO;
				DEBUG_INFORMATION_FORMAT = "dwarf-with-dsym";
				ENABLE_NS_ASSERTIONS = NO;
				ENABLE_STRICT_OBJC_MSGSEND = YES;
				GCC_C_LANGUAGE_STANDARD = gnu11;
				GCC_NO_COMMON_BLOCKS = YES;
				GCC_WARN_64_TO_32_BIT_CONVERSION = YES;
				GCC_WARN_ABOUT_RETURN_TYPE = YES_ERROR;
				GCC_WARN_UNDECLARED_SELECTOR = YES;
				GCC_WARN_UNINITIALIZED_AUTOS = YES_AGGRESSIVE;
				GCC_WARN_UNUSED_FUNCTION = YES;
				GCC_WARN_UNUSED_VARIABLE = YES;
				IPHONEOS_DEPLOYMENT_TARGET = 15.5;
				MTL_ENABLE_DEBUG_INFO = NO;
				MTL_FAST_MATH = YES;
				SDKROOT = iphoneos;
				SWIFT_COMPILATION_MODE = wholemodule;
				SWIFT_OPTIMIZATION_LEVEL = "-O";
				VALIDATE_PRODUCT = YES;
			};
			name = Release;
		};
		85CA592D2842F12F00AC44A3 /* Debug */ = {
			isa = XCBuildConfiguration;
			buildSettings = {
				ASSETCATALOG_COMPILER_APPICON_NAME = AppIcon;
				ASSETCATALOG_COMPILER_GLOBAL_ACCENT_COLOR_NAME = AccentColor;
				CODE_SIGN_STYLE = Automatic;
				CURRENT_PROJECT_VERSION = 1;
				DEVELOPMENT_TEAM = 7RJ76H824H;
				GENERATE_INFOPLIST_FILE = YES;
				INFOPLIST_FILE = iFiggle/Info.plist;
				INFOPLIST_KEY_UIApplicationSupportsIndirectInputEvents = YES;
				INFOPLIST_KEY_UILaunchStoryboardName = LaunchScreen;
				INFOPLIST_KEY_UIMainStoryboardFile = Main;
				INFOPLIST_KEY_UISupportedInterfaceOrientations_iPad = "UIInterfaceOrientationPortrait UIInterfaceOrientationPortraitUpsideDown UIInterfaceOrientationLandscapeLeft UIInterfaceOrientationLandscapeRight";
				INFOPLIST_KEY_UISupportedInterfaceOrientations_iPhone = "UIInterfaceOrientationPortrait UIInterfaceOrientationLandscapeLeft UIInterfaceOrientationLandscapeRight";
				IPHONEOS_DEPLOYMENT_TARGET = 15.4;
				LD_RUNPATH_SEARCH_PATHS = (
					"$(inherited)",
					"@executable_path/Frameworks",
				);
				MARKETING_VERSION = 1.0;
				PRODUCT_BUNDLE_IDENTIFIER = com.finlaycm.iFiggle;
				PRODUCT_NAME = "$(TARGET_NAME)";
				SWIFT_EMIT_LOC_STRINGS = YES;
				SWIFT_VERSION = 5.0;
				TARGETED_DEVICE_FAMILY = "1,2";
			};
			name = Debug;
		};
		85CA592E2842F12F00AC44A3 /* Release */ = {
			isa = XCBuildConfiguration;
			buildSettings = {
				ASSETCATALOG_COMPILER_APPICON_NAME = AppIcon;
				ASSETCATALOG_COMPILER_GLOBAL_ACCENT_COLOR_NAME = AccentColor;
				CODE_SIGN_STYLE = Automatic;
				CURRENT_PROJECT_VERSION = 1;
				DEVELOPMENT_TEAM = 7RJ76H824H;
				GENERATE_INFOPLIST_FILE = YES;
				INFOPLIST_FILE = iFiggle/Info.plist;
				INFOPLIST_KEY_UIApplicationSupportsIndirectInputEvents = YES;
				INFOPLIST_KEY_UILaunchStoryboardName = LaunchScreen;
				INFOPLIST_KEY_UIMainStoryboardFile = Main;
				INFOPLIST_KEY_UISupportedInterfaceOrientations_iPad = "UIInterfaceOrientationPortrait UIInterfaceOrientationPortraitUpsideDown UIInterfaceOrientationLandscapeLeft UIInterfaceOrientationLandscapeRight";
				INFOPLIST_KEY_UISupportedInterfaceOrientations_iPhone = "UIInterfaceOrientationPortrait UIInterfaceOrientationLandscapeLeft UIInterfaceOrientationLandscapeRight";
				IPHONEOS_DEPLOYMENT_TARGET = 15.4;
				LD_RUNPATH_SEARCH_PATHS = (
					"$(inherited)",
					"@executable_path/Frameworks",
				);
				MARKETING_VERSION = 1.0;
				PRODUCT_BUNDLE_IDENTIFIER = com.finlaycm.iFiggle;
				PRODUCT_NAME = "$(TARGET_NAME)";
				SWIFT_EMIT_LOC_STRINGS = YES;
				SWIFT_VERSION = 5.0;
				TARGETED_DEVICE_FAMILY = "1,2";
			};
			name = Release;
		};
		85CA59302842F12F00AC44A3 /* Debug */ = {
			isa = XCBuildConfiguration;
			buildSettings = {
				ALWAYS_EMBED_SWIFT_STANDARD_LIBRARIES = YES;
				BUNDLE_LOADER = "$(TEST_HOST)";
				CODE_SIGN_STYLE = Automatic;
				CURRENT_PROJECT_VERSION = 1;
				GENERATE_INFOPLIST_FILE = YES;
				IPHONEOS_DEPLOYMENT_TARGET = 15.5;
				MARKETING_VERSION = 1.0;
				PRODUCT_BUNDLE_IDENTIFIER = com.finlaycm.iFiggleTests;
				PRODUCT_NAME = "$(TARGET_NAME)";
				SWIFT_EMIT_LOC_STRINGS = NO;
				SWIFT_VERSION = 5.0;
				TARGETED_DEVICE_FAMILY = "1,2";
				TEST_HOST = "$(BUILT_PRODUCTS_DIR)/iFiggle.app/iFiggle";
			};
			name = Debug;
		};
		85CA59312842F12F00AC44A3 /* Release */ = {
			isa = XCBuildConfiguration;
			buildSettings = {
				ALWAYS_EMBED_SWIFT_STANDARD_LIBRARIES = YES;
				BUNDLE_LOADER = "$(TEST_HOST)";
				CODE_SIGN_STYLE = Automatic;
				CURRENT_PROJECT_VERSION = 1;
				GENERATE_INFOPLIST_FILE = YES;
				IPHONEOS_DEPLOYMENT_TARGET = 15.5;
				MARKETING_VERSION = 1.0;
				PRODUCT_BUNDLE_IDENTIFIER = com.finlaycm.iFiggleTests;
				PRODUCT_NAME = "$(TARGET_NAME)";
				SWIFT_EMIT_LOC_STRINGS = NO;
				SWIFT_VERSION = 5.0;
				TARGETED_DEVICE_FAMILY = "1,2";
				TEST_HOST = "$(BUILT_PRODUCTS_DIR)/iFiggle.app/iFiggle";
			};
			name = Release;
		};
		85CA59332842F12F00AC44A3 /* Debug */ = {
			isa = XCBuildConfiguration;
			buildSettings = {
				ALWAYS_EMBED_SWIFT_STANDARD_LIBRARIES = YES;
				CODE_SIGN_STYLE = Automatic;
				CURRENT_PROJECT_VERSION = 1;
				GENERATE_INFOPLIST_FILE = YES;
				MARKETING_VERSION = 1.0;
				PRODUCT_BUNDLE_IDENTIFIER = com.finlaycm.iFiggleUITests;
				PRODUCT_NAME = "$(TARGET_NAME)";
				SWIFT_EMIT_LOC_STRINGS = NO;
				SWIFT_VERSION = 5.0;
				TARGETED_DEVICE_FAMILY = "1,2";
				TEST_TARGET_NAME = iFiggle;
			};
			name = Debug;
		};
		85CA59342842F12F00AC44A3 /* Release */ = {
			isa = XCBuildConfiguration;
			buildSettings = {
				ALWAYS_EMBED_SWIFT_STANDARD_LIBRARIES = YES;
				CODE_SIGN_STYLE = Automatic;
				CURRENT_PROJECT_VERSION = 1;
				GENERATE_INFOPLIST_FILE = YES;
				MARKETING_VERSION = 1.0;
				PRODUCT_BUNDLE_IDENTIFIER = com.finlaycm.iFiggleUITests;
				PRODUCT_NAME = "$(TARGET_NAME)";
				SWIFT_EMIT_LOC_STRINGS = NO;
				SWIFT_VERSION = 5.0;
				TARGETED_DEVICE_FAMILY = "1,2";
				TEST_TARGET_NAME = iFiggle;
			};
			name = Release;
		};
/* End XCBuildConfiguration section */

/* Begin XCConfigurationList section */
		85CA58FD2842F12D00AC44A3 /* Build configuration list for PBXProject "iFiggle" */ = {
			isa = XCConfigurationList;
			buildConfigurations = (
				85CA592A2842F12F00AC44A3 /* Debug */,
				85CA592B2842F12F00AC44A3 /* Release */,
			);
			defaultConfigurationIsVisible = 0;
			defaultConfigurationName = Release;
		};
		85CA592C2842F12F00AC44A3 /* Build configuration list for PBXNativeTarget "iFiggle" */ = {
			isa = XCConfigurationList;
			buildConfigurations = (
				85CA592D2842F12F00AC44A3 /* Debug */,
				85CA592E2842F12F00AC44A3 /* Release */,
			);
			defaultConfigurationIsVisible = 0;
			defaultConfigurationName = Release;
		};
		85CA592F2842F12F00AC44A3 /* Build configuration list for PBXNativeTarget "iFiggleTests" */ = {
			isa = XCConfigurationList;
			buildConfigurations = (
				85CA59302842F12F00AC44A3 /* Debug */,
				85CA59312842F12F00AC44A3 /* Release */,
			);
			defaultConfigurationIsVisible = 0;
			defaultConfigurationName = Release;
		};
		85CA59322842F12F00AC44A3 /* Build configuration list for PBXNativeTarget "iFiggleUITests" */ = {
			isa = XCConfigurationList;
			buildConfigurations = (
				85CA59332842F12F00AC44A3 /* Debug */,
				85CA59342842F12F00AC44A3 /* Release */,
			);
			defaultConfigurationIsVisible = 0;
			defaultConfigurationName = Release;
		};
/* End XCConfigurationList section */
	};
	rootObject = 85CA58FA2842F12D00AC44A3 /* Project object */;
}
